
Microsoft Visual Studio Solution File, Format Version 12.00
# Visual Studio Version 16
VisualStudioVersion = 16.0.29009.5
MinimumVisualStudioVersion = 10.0.40219.1
Project("{FAE04EC0-301F-11D3-BF4B-00C04F79EFBC}") = "Hello", "Hello\Hello.csproj", "{FB2CA5DF-2864-4A8C-B16B-231218B63983}"
EndProject
Global
	GlobalSection(SolutionConfigurationPlatforms) = preSolution
		Debug|Any CPU = Debug|Any CPU
		Release|Any CPU = Release|Any CPU
	EndGlobalSection
	GlobalSection(ProjectConfigurationPlatforms) = postSolution
		{FB2CA5DF-2864-4A8C-B16B-231218B63983}.Debug|Any CPU.ActiveCfg = Debug|Any CPU
		{FB2CA5DF-2864-4A8C-B16B-231218B63983}.Debug|Any CPU.Build.0 = Debug|Any CPU
		{FB2CA5DF-2864-4A8C-B16B-231218B63983}.Release|Any CPU.ActiveCfg = Release|Any CPU
		{FB2CA5DF-2864-4A8C-B16B-231218B63983}.Release|Any CPU.Build.0 = Release|Any CPU
	EndGlobalSection
	GlobalSection(SolutionProperties) = preSolution
		HideSolutionNode = FALSE
	EndGlobalSection
	GlobalSection(ExtensibilityGlobals) = postSolution
		SolutionGuid = {C3F6527A-B56E-45E7-81F0-3DCC5B2E18F0}
	EndGlobalSection
EndGlobal
